
Microsoft Visual Studio Solution File, Format Version 12.00
# Visual Studio Express 2012 for Windows Desktop
Project("{8BC9CEB8-8B4A-11D0-8D11-00A0C91BC942}") = "Assn4_5280618_ChangQiJia", "Assn4_5280618_ChangQiJia\Assn4_5280618_ChangQiJia.vcxproj", "{EE238872-FC8B-442A-84C7-B3484A5BA9AF}"
EndProject
Global
	GlobalSection(SolutionConfigurationPlatforms) = preSolution
		Debug|Win32 = Debug|Win32
		Release|Win32 = Release|Win32
	EndGlobalSection
	GlobalSection(ProjectConfigurationPlatforms) = postSolution
		{EE238872-FC8B-442A-84C7-B3484A5BA9AF}.Debug|Win32.ActiveCfg = Debug|Win32
		{EE238872-FC8B-442A-84C7-B3484A5BA9AF}.Debug|Win32.Build.0 = Debug|Win32
		{EE238872-FC8B-442A-84C7-B3484A5BA9AF}.Release|Win32.ActiveCfg = Release|Win32
		{EE238872-FC8B-442A-84C7-B3484A5BA9AF}.Release|Win32.Build.0 = Release|Win32
	EndGlobalSection
	GlobalSection(SolutionProperties) = preSolution
		HideSolutionNode = FALSE
	EndGlobalSection
EndGlobal
